{
  "nodes": {
    "flake-utils": {
      "locked": {
        "lastModified": 1659877975,
        "narHash": "sha256-zllb8aq3YO3h8B/U0/J1WBgAL8EX5yWf5pMj3G0NAmc=",
        "owner": "numtide",
        "repo": "flake-utils",
        "rev": "c0e246b9b83f637f4681389ecabcb2681b4f3af0",
        "type": "github"
      },
      "original": {
        "owner": "numtide",
        "repo": "flake-utils",
        "type": "github"
      }
    },
    "home-manager": {
      "inputs": {
        "nixpkgs": [
          "nixpkgs"
        ]
      },
      "locked": {
        "lastModified": 1726989464,
        "narHash": "sha256-Vl+WVTJwutXkimwGprnEtXc/s/s8sMuXzqXaspIGlwM=",
        "owner": "nix-community",
        "repo": "home-manager",
        "rev": "2f23fa308a7c067e52dfcc30a0758f47043ec176",
        "type": "github"
      },
      "original": {
        "owner": "nix-community",
        "ref": "release-24.05",
        "repo": "home-manager",
        "type": "github"
      }
    },
    "nixGL": {
      "inputs": {
        "flake-utils": "flake-utils",
        "nixpkgs": [
          "nixpkgs"
        ]
      },
      "locked": {
        "lastModified": 1713543440,
        "narHash": "sha256-lnzZQYG0+EXl/6NkGpyIz+FEOc/DSEG57AP1VsdeNrM=",
        "owner": "nix-community",
        "repo": "nixGL",
        "rev": "310f8e49a149e4c9ea52f1adf70cdc768ec53f8a",
        "type": "github"
      },
      "original": {
        "owner": "nix-community",
        "repo": "nixGL",
        "rev": "310f8e49a149e4c9ea52f1adf70cdc768ec53f8a",
        "type": "github"
      }
    },
    "nixpkgs": {
      "locked": {
        "lastModified": 1726969270,
        "narHash": "sha256-8fnFlXBgM/uSvBlLWjZ0Z0sOdRBesyNdH0+esxqizGc=",
        "owner": "NixOS",
        "repo": "nixpkgs",
        "rev": "23cbb250f3bf4f516a2d0bf03c51a30900848075",
        "type": "github"
      },
      "original": {
        "id": "nixpkgs",
        "ref": "nixos-24.05",
        "type": "indirect"
      }
    },
    "nur": {
      "locked": {
        "lastModified": 1727167682,
        "narHash": "sha256-hO77l4ESfcS0F0ua4BHDbEzWbLXASAQwAnFnQGUGAfM=",
        "owner": "nix-community",
        "repo": "NUR",
        "rev": "f1717c58f41f3051aa64f49a58d8c8393f7d4bc5",
        "type": "github"
      },
      "original": {
        "owner": "nix-community",
        "repo": "NUR",
        "type": "github"
      }
    },
    "rofi-material-ocean": {
      "flake": false,
      "locked": {
        "lastModified": 1665934409,
        "narHash": "sha256-ucQ/a5ipQOv01X2ddfHoWagPOODMHz2hE7dUOPXMbzw=",
        "owner": "material-ocean",
        "repo": "rofi-Theme",
        "rev": "251bd7b81f979b81c8a8382575a4279996e5e243",
        "type": "github"
      },
      "original": {
        "owner": "material-ocean",
        "repo": "rofi-Theme",
        "type": "github"
      }
    },
    "root": {
      "inputs": {
        "home-manager": "home-manager",
        "nixGL": "nixGL",
        "nixpkgs": "nixpkgs",
        "nur": "nur",
        "rofi-material-ocean": "rofi-material-ocean"
      }
    }
  },
  "root": "root",
  "version": 7
}
