{
  "nodes": {
    "flake-utils": {
      "locked": {
        "lastModified": 1659877975,
        "narHash": "sha256-zllb8aq3YO3h8B/U0/J1WBgAL8EX5yWf5pMj3G0NAmc=",
        "owner": "numtide",
        "repo": "flake-utils",
        "rev": "c0e246b9b83f637f4681389ecabcb2681b4f3af0",
        "type": "github"
      },
      "original": {
        "owner": "numtide",
        "repo": "flake-utils",
        "type": "github"
      }
    },
    "home-manager": {
      "inputs": {
        "nixpkgs": [
          "nixpkgs"
        ]
      },
      "locked": {
        "lastModified": 1726989464,
        "narHash": "sha256-Vl+WVTJwutXkimwGprnEtXc/s/s8sMuXzqXaspIGlwM=",
        "owner": "nix-community",
        "repo": "home-manager",
        "rev": "2f23fa308a7c067e52dfcc30a0758f47043ec176",
        "type": "github"
      },
      "original": {
        "owner": "nix-community",
        "ref": "release-24.05",
        "repo": "home-manager",
        "type": "github"
      }
    },
    "nixgl": {
      "inputs": {
        "flake-utils": "flake-utils",
        "nixpkgs": [
          "nixpkgs"
        ]
      },
      "locked": {
        "lastModified": 1713543440,
        "narHash": "sha256-lnzZQYG0+EXl/6NkGpyIz+FEOc/DSEG57AP1VsdeNrM=",
        "owner": "nix-community",
        "repo": "nixGL",
        "rev": "310f8e49a149e4c9ea52f1adf70cdc768ec53f8a",
        "type": "github"
      },
      "original": {
        "owner": "nix-community",
        "repo": "nixGL",
        "rev": "310f8e49a149e4c9ea52f1adf70cdc768ec53f8a",
        "type": "github"
      }
    },
    "nixpkgs": {
      "locked": {
        "lastModified": 1732749044,
        "narHash": "sha256-T38FQOg0BV5M8FN1712fovzNakSOENEYs+CSkg31C9Y=",
        "owner": "NixOS",
        "repo": "nixpkgs",
        "rev": "0c5b4ecbed5b155b705336aa96d878e55acd8685",
        "type": "github"
      },
      "original": {
        "owner": "NixOS",
        "ref": "nixos-24.05",
        "repo": "nixpkgs",
        "type": "github"
      }
    },
    "nixpkgs-next": {
      "locked": {
        "lastModified": 1732824227,
        "narHash": "sha256-fYNXgpu1AEeLyd3fQt4Ym0tcVP7cdJ8wRoqJ+CtTRyY=",
        "owner": "NixOS",
        "repo": "nixpkgs",
        "rev": "c71ad5c34d51dcbda4c15f44ea4e4aa6bb6ac1e9",
        "type": "github"
      },
      "original": {
        "owner": "NixOS",
        "ref": "nixos-24.11",
        "repo": "nixpkgs",
        "type": "github"
      }
    },
    "nur": {
      "locked": {
        "lastModified": 1732988797,
        "narHash": "sha256-0Q9bns9/zcyWx1mNVxF5Qam+xbX8jSBKGpappzADtjo=",
        "owner": "nix-community",
        "repo": "NUR",
        "rev": "47864a2407f2a3caaadd007ae4187200f08ce61e",
        "type": "github"
      },
      "original": {
        "owner": "nix-community",
        "repo": "NUR",
        "type": "github"
      }
    },
    "root": {
      "inputs": {
        "home-manager": "home-manager",
        "nixgl": "nixgl",
        "nixpkgs": "nixpkgs",
        "nixpkgs-next": "nixpkgs-next",
        "nur": "nur"
      }
    }
  },
  "root": "root",
  "version": 7
}
